// !$*UTF8*$!
{
	archiveVersion = 1;
	classes = {
	};
	objectVersion = 51;
	objects = {

/* Begin PBXBuildFile section */
		1E6CA1A024B311FB00EFAE3C /* AppDelegate.swift in Sources */ = {isa = PBXBuildFile; fileRef = 1E6CA19F24B311FB00EFAE3C /* AppDelegate.swift */; };
		1E6CA1A224B311FB00EFAE3C /* SceneDelegate.swift in Sources */ = {isa = PBXBuildFile; fileRef = 1E6CA1A124B311FB00EFAE3C /* SceneDelegate.swift */; };
		1E6CA1A724B311FB00EFAE3C /* Main.storyboard in Resources */ = {isa = PBXBuildFile; fileRef = 1E6CA1A524B311FB00EFAE3C /* Main.storyboard */; };
		1E6CA1A924B3120000EFAE3C /* Assets.xcassets in Resources */ = {isa = PBXBuildFile; fileRef = 1E6CA1A824B3120000EFAE3C /* Assets.xcassets */; };
		1E6CA1AC24B3120000EFAE3C /* LaunchScreen.storyboard in Resources */ = {isa = PBXBuildFile; fileRef = 1E6CA1AA24B3120000EFAE3C /* LaunchScreen.storyboard */; };
		1E6CA1B724B3120000EFAE3C /* TrendyolInterviewProjectTests.swift in Sources */ = {isa = PBXBuildFile; fileRef = 1E6CA1B624B3120000EFAE3C /* TrendyolInterviewProjectTests.swift */; };
		1E6CA1C224B3120000EFAE3C /* TrendyolInterviewProjectUITests.swift in Sources */ = {isa = PBXBuildFile; fileRef = 1E6CA1C124B3120000EFAE3C /* TrendyolInterviewProjectUITests.swift */; };
		1E6CA1D524B312F900EFAE3C /* ListViewController.swift in Sources */ = {isa = PBXBuildFile; fileRef = 1E6CA1D424B312F900EFAE3C /* ListViewController.swift */; };
		1E6CA1D724B3130400EFAE3C /* ListPresenter.swift in Sources */ = {isa = PBXBuildFile; fileRef = 1E6CA1D624B3130400EFAE3C /* ListPresenter.swift */; };
		1E6CA1D924B3131300EFAE3C /* ListWireframe.swift in Sources */ = {isa = PBXBuildFile; fileRef = 1E6CA1D824B3131300EFAE3C /* ListWireframe.swift */; };
		1E6CA1DB24B3132800EFAE3C /* ListInteractor.swift in Sources */ = {isa = PBXBuildFile; fileRef = 1E6CA1DA24B3132800EFAE3C /* ListInteractor.swift */; };
		1E6CA1DE24B3133B00EFAE3C /* ListModel.swift in Sources */ = {isa = PBXBuildFile; fileRef = 1E6CA1DD24B3133B00EFAE3C /* ListModel.swift */; };
		1E6CA1E024B3138600EFAE3C /* Endpoints.swift in Sources */ = {isa = PBXBuildFile; fileRef = 1E6CA1DF24B3138600EFAE3C /* Endpoints.swift */; };
		1E6CA1E524B3146E00EFAE3C /* Endpoint.swift in Sources */ = {isa = PBXBuildFile; fileRef = 1E6CA1E424B3146E00EFAE3C /* Endpoint.swift */; };
		1E6CA1E724B3148300EFAE3C /* Result.swift in Sources */ = {isa = PBXBuildFile; fileRef = 1E6CA1E624B3148300EFAE3C /* Result.swift */; };
		1E6CA1E924B3149500EFAE3C /* ApiClient.swift in Sources */ = {isa = PBXBuildFile; fileRef = 1E6CA1E824B3149500EFAE3C /* ApiClient.swift */; };
		1E6CA1EC24B3157300EFAE3C /* Protocols.swift in Sources */ = {isa = PBXBuildFile; fileRef = 1E6CA1EB24B3157300EFAE3C /* Protocols.swift */; };
		1E6CA1EF24B315E900EFAE3C /* ProductSliderCell.swift in Sources */ = {isa = PBXBuildFile; fileRef = 1E6CA1ED24B315E900EFAE3C /* ProductSliderCell.swift */; };
		1E6CA1F024B315E900EFAE3C /* ProductSliderCell.xib in Resources */ = {isa = PBXBuildFile; fileRef = 1E6CA1EE24B315E900EFAE3C /* ProductSliderCell.xib */; };
		1E6CA1F324B3161900EFAE3C /* ProductSliderInternalCell.swift in Sources */ = {isa = PBXBuildFile; fileRef = 1E6CA1F124B3161900EFAE3C /* ProductSliderInternalCell.swift */; };
		1E6CA1F424B3161900EFAE3C /* ProductSliderInternalCell.xib in Resources */ = {isa = PBXBuildFile; fileRef = 1E6CA1F224B3161900EFAE3C /* ProductSliderInternalCell.xib */; };
		1E6CA1F724B3C3C400EFAE3C /* UIManager.swift in Sources */ = {isa = PBXBuildFile; fileRef = 1E6CA1F624B3C3C300EFAE3C /* UIManager.swift */; };
		1E6CA1FA24B3C55800EFAE3C /* LoadingView.swift in Sources */ = {isa = PBXBuildFile; fileRef = 1E6CA1F924B3C55800EFAE3C /* LoadingView.swift */; };
		1E6CA1FC24B3C56100EFAE3C /* LoadingView.xib in Resources */ = {isa = PBXBuildFile; fileRef = 1E6CA1FB24B3C56100EFAE3C /* LoadingView.xib */; };
		1E72FE6824B4BED20002F852 /* Constants.swift in Sources */ = {isa = PBXBuildFile; fileRef = 1E72FE6724B4BED20002F852 /* Constants.swift */; };
		3E06616B300F36CABC1135CF /* Pods_TrendyolInterviewProject.framework in Frameworks */ = {isa = PBXBuildFile; fileRef = F55ABB676EE43576FFE15884 /* Pods_TrendyolInterviewProject.framework */; };
		B4F4573459C01AFED7AB24F2 /* Pods_TrendyolInterviewProjectUITests.framework in Frameworks */ = {isa = PBXBuildFile; fileRef = F30654A1B096AC26254F64BD /* Pods_TrendyolInterviewProjectUITests.framework */; };
		B767D0DB8AEE4B1706ADF233 /* Pods_TrendyolInterviewProjectTests.framework in Frameworks */ = {isa = PBXBuildFile; fileRef = 8278838823CEB96A9CDCAE1E /* Pods_TrendyolInterviewProjectTests.framework */; };
/* End PBXBuildFile section */

/* Begin PBXContainerItemProxy section */
		1E6CA1B324B3120000EFAE3C /* PBXContainerItemProxy */ = {
			isa = PBXContainerItemProxy;
			containerPortal = 1E6CA19424B311FB00EFAE3C /* Project object */;
			proxyType = 1;
			remoteGlobalIDString = 1E6CA19B24B311FB00EFAE3C;
			remoteInfo = TrendyolInterviewProject;
		};
		1E6CA1BE24B3120000EFAE3C /* PBXContainerItemProxy */ = {
			isa = PBXContainerItemProxy;
			containerPortal = 1E6CA19424B311FB00EFAE3C /* Project object */;
			proxyType = 1;
			remoteGlobalIDString = 1E6CA19B24B311FB00EFAE3C;
			remoteInfo = TrendyolInterviewProject;
		};
/* End PBXContainerItemProxy section */

/* Begin PBXFileReference section */
		02F324128FDFB51320C4348C /* Pods-TrendyolInterviewProject.release.xcconfig */ = {isa = PBXFileReference; includeInIndex = 1; lastKnownFileType = text.xcconfig; name = "Pods-TrendyolInterviewProject.release.xcconfig"; path = "Target Support Files/Pods-TrendyolInterviewProject/Pods-TrendyolInterviewProject.release.xcconfig"; sourceTree = "<group>"; };
		142A426FF24CA5825410CDD0 /* Pods-TrendyolInterviewProjectUITests.release.xcconfig */ = {isa = PBXFileReference; includeInIndex = 1; lastKnownFileType = text.xcconfig; name = "Pods-TrendyolInterviewProjectUITests.release.xcconfig"; path = "Target Support Files/Pods-TrendyolInterviewProjectUITests/Pods-TrendyolInterviewProjectUITests.release.xcconfig"; sourceTree = "<group>"; };
		1E6CA19C24B311FB00EFAE3C /* TrendyolInterviewProject.app */ = {isa = PBXFileReference; explicitFileType = wrapper.application; includeInIndex = 0; path = TrendyolInterviewProject.app; sourceTree = BUILT_PRODUCTS_DIR; };
		1E6CA19F24B311FB00EFAE3C /* AppDelegate.swift */ = {isa = PBXFileReference; lastKnownFileType = sourcecode.swift; path = AppDelegate.swift; sourceTree = "<group>"; };
		1E6CA1A124B311FB00EFAE3C /* SceneDelegate.swift */ = {isa = PBXFileReference; lastKnownFileType = sourcecode.swift; path = SceneDelegate.swift; sourceTree = "<group>"; };
		1E6CA1A624B311FB00EFAE3C /* Base */ = {isa = PBXFileReference; lastKnownFileType = file.storyboard; name = Base; path = Base.lproj/Main.storyboard; sourceTree = "<group>"; };
		1E6CA1A824B3120000EFAE3C /* Assets.xcassets */ = {isa = PBXFileReference; lastKnownFileType = folder.assetcatalog; path = Assets.xcassets; sourceTree = "<group>"; };
		1E6CA1AB24B3120000EFAE3C /* Base */ = {isa = PBXFileReference; lastKnownFileType = file.storyboard; name = Base; path = Base.lproj/LaunchScreen.storyboard; sourceTree = "<group>"; };
		1E6CA1AD24B3120000EFAE3C /* Info.plist */ = {isa = PBXFileReference; lastKnownFileType = text.plist.xml; path = Info.plist; sourceTree = "<group>"; };
		1E6CA1B224B3120000EFAE3C /* TrendyolInterviewProjectTests.xctest */ = {isa = PBXFileReference; explicitFileType = wrapper.cfbundle; includeInIndex = 0; path = TrendyolInterviewProjectTests.xctest; sourceTree = BUILT_PRODUCTS_DIR; };
		1E6CA1B624B3120000EFAE3C /* TrendyolInterviewProjectTests.swift */ = {isa = PBXFileReference; lastKnownFileType = sourcecode.swift; path = TrendyolInterviewProjectTests.swift; sourceTree = "<group>"; };
		1E6CA1B824B3120000EFAE3C /* Info.plist */ = {isa = PBXFileReference; lastKnownFileType = text.plist.xml; path = Info.plist; sourceTree = "<group>"; };
		1E6CA1BD24B3120000EFAE3C /* TrendyolInterviewProjectUITests.xctest */ = {isa = PBXFileReference; explicitFileType = wrapper.cfbundle; includeInIndex = 0; path = TrendyolInterviewProjectUITests.xctest; sourceTree = BUILT_PRODUCTS_DIR; };
		1E6CA1C124B3120000EFAE3C /* TrendyolInterviewProjectUITests.swift */ = {isa = PBXFileReference; lastKnownFileType = sourcecode.swift; path = TrendyolInterviewProjectUITests.swift; sourceTree = "<group>"; };
		1E6CA1C324B3120000EFAE3C /* Info.plist */ = {isa = PBXFileReference; lastKnownFileType = text.plist.xml; path = Info.plist; sourceTree = "<group>"; };
		1E6CA1D424B312F900EFAE3C /* ListViewController.swift */ = {isa = PBXFileReference; lastKnownFileType = sourcecode.swift; path = ListViewController.swift; sourceTree = "<group>"; };
		1E6CA1D624B3130400EFAE3C /* ListPresenter.swift */ = {isa = PBXFileReference; lastKnownFileType = sourcecode.swift; path = ListPresenter.swift; sourceTree = "<group>"; };
		1E6CA1D824B3131300EFAE3C /* ListWireframe.swift */ = {isa = PBXFileReference; lastKnownFileType = sourcecode.swift; path = ListWireframe.swift; sourceTree = "<group>"; };
		1E6CA1DA24B3132800EFAE3C /* ListInteractor.swift */ = {isa = PBXFileReference; lastKnownFileType = sourcecode.swift; path = ListInteractor.swift; sourceTree = "<group>"; };
		1E6CA1DD24B3133B00EFAE3C /* ListModel.swift */ = {isa = PBXFileReference; lastKnownFileType = sourcecode.swift; path = ListModel.swift; sourceTree = "<group>"; };
		1E6CA1DF24B3138600EFAE3C /* Endpoints.swift */ = {isa = PBXFileReference; lastKnownFileType = sourcecode.swift; path = Endpoints.swift; sourceTree = "<group>"; };
		1E6CA1E424B3146E00EFAE3C /* Endpoint.swift */ = {isa = PBXFileReference; lastKnownFileType = sourcecode.swift; path = Endpoint.swift; sourceTree = "<group>"; };
		1E6CA1E624B3148300EFAE3C /* Result.swift */ = {isa = PBXFileReference; lastKnownFileType = sourcecode.swift; path = Result.swift; sourceTree = "<group>"; };
		1E6CA1E824B3149500EFAE3C /* ApiClient.swift */ = {isa = PBXFileReference; lastKnownFileType = sourcecode.swift; path = ApiClient.swift; sourceTree = "<group>"; };
		1E6CA1EB24B3157300EFAE3C /* Protocols.swift */ = {isa = PBXFileReference; lastKnownFileType = sourcecode.swift; path = Protocols.swift; sourceTree = "<group>"; };
		1E6CA1ED24B315E900EFAE3C /* ProductSliderCell.swift */ = {isa = PBXFileReference; lastKnownFileType = sourcecode.swift; path = ProductSliderCell.swift; sourceTree = "<group>"; };
		1E6CA1EE24B315E900EFAE3C /* ProductSliderCell.xib */ = {isa = PBXFileReference; lastKnownFileType = file.xib; path = ProductSliderCell.xib; sourceTree = "<group>"; };
		1E6CA1F124B3161900EFAE3C /* ProductSliderInternalCell.swift */ = {isa = PBXFileReference; lastKnownFileType = sourcecode.swift; path = ProductSliderInternalCell.swift; sourceTree = "<group>"; };
		1E6CA1F224B3161900EFAE3C /* ProductSliderInternalCell.xib */ = {isa = PBXFileReference; lastKnownFileType = file.xib; path = ProductSliderInternalCell.xib; sourceTree = "<group>"; };
		1E6CA1F624B3C3C300EFAE3C /* UIManager.swift */ = {isa = PBXFileReference; lastKnownFileType = sourcecode.swift; path = UIManager.swift; sourceTree = "<group>"; };
		1E6CA1F924B3C55800EFAE3C /* LoadingView.swift */ = {isa = PBXFileReference; lastKnownFileType = sourcecode.swift; path = LoadingView.swift; sourceTree = "<group>"; };
		1E6CA1FB24B3C56100EFAE3C /* LoadingView.xib */ = {isa = PBXFileReference; lastKnownFileType = file.xib; path = LoadingView.xib; sourceTree = "<group>"; };
		1E72FE6724B4BED20002F852 /* Constants.swift */ = {isa = PBXFileReference; lastKnownFileType = sourcecode.swift; path = Constants.swift; sourceTree = "<group>"; };
		2B75F11944D5335CF8C50F29 /* Pods-TrendyolInterviewProjectTests.release.xcconfig */ = {isa = PBXFileReference; includeInIndex = 1; lastKnownFileType = text.xcconfig; name = "Pods-TrendyolInterviewProjectTests.release.xcconfig"; path = "Target Support Files/Pods-TrendyolInterviewProjectTests/Pods-TrendyolInterviewProjectTests.release.xcconfig"; sourceTree = "<group>"; };
		2BB4827DBAE948519EAD5314 /* Pods-TrendyolInterviewProjectTests.debug.xcconfig */ = {isa = PBXFileReference; includeInIndex = 1; lastKnownFileType = text.xcconfig; name = "Pods-TrendyolInterviewProjectTests.debug.xcconfig"; path = "Target Support Files/Pods-TrendyolInterviewProjectTests/Pods-TrendyolInterviewProjectTests.debug.xcconfig"; sourceTree = "<group>"; };
		3A1799F6A3F4669A91E2DFFB /* Pods-TrendyolInterviewProject.debug.xcconfig */ = {isa = PBXFileReference; includeInIndex = 1; lastKnownFileType = text.xcconfig; name = "Pods-TrendyolInterviewProject.debug.xcconfig"; path = "Target Support Files/Pods-TrendyolInterviewProject/Pods-TrendyolInterviewProject.debug.xcconfig"; sourceTree = "<group>"; };
		5A15826858A29787AE423143 /* Pods-TrendyolInterviewProjectUITests.debug.xcconfig */ = {isa = PBXFileReference; includeInIndex = 1; lastKnownFileType = text.xcconfig; name = "Pods-TrendyolInterviewProjectUITests.debug.xcconfig"; path = "Target Support Files/Pods-TrendyolInterviewProjectUITests/Pods-TrendyolInterviewProjectUITests.debug.xcconfig"; sourceTree = "<group>"; };
		8278838823CEB96A9CDCAE1E /* Pods_TrendyolInterviewProjectTests.framework */ = {isa = PBXFileReference; explicitFileType = wrapper.framework; includeInIndex = 0; path = Pods_TrendyolInterviewProjectTests.framework; sourceTree = BUILT_PRODUCTS_DIR; };
		F30654A1B096AC26254F64BD /* Pods_TrendyolInterviewProjectUITests.framework */ = {isa = PBXFileReference; explicitFileType = wrapper.framework; includeInIndex = 0; path = Pods_TrendyolInterviewProjectUITests.framework; sourceTree = BUILT_PRODUCTS_DIR; };
		F55ABB676EE43576FFE15884 /* Pods_TrendyolInterviewProject.framework */ = {isa = PBXFileReference; explicitFileType = wrapper.framework; includeInIndex = 0; path = Pods_TrendyolInterviewProject.framework; sourceTree = BUILT_PRODUCTS_DIR; };
/* End PBXFileReference section */

/* Begin PBXFrameworksBuildPhase section */
		1E6CA19924B311FB00EFAE3C /* Frameworks */ = {
			isa = PBXFrameworksBuildPhase;
			buildActionMask = 2147483647;
			files = (
				3E06616B300F36CABC1135CF /* Pods_TrendyolInterviewProject.framework in Frameworks */,
			);
			runOnlyForDeploymentPostprocessing = 0;
		};
		1E6CA1AF24B3120000EFAE3C /* Frameworks */ = {
			isa = PBXFrameworksBuildPhase;
			buildActionMask = 2147483647;
			files = (
				B767D0DB8AEE4B1706ADF233 /* Pods_TrendyolInterviewProjectTests.framework in Frameworks */,
			);
			runOnlyForDeploymentPostprocessing = 0;
		};
		1E6CA1BA24B3120000EFAE3C /* Frameworks */ = {
			isa = PBXFrameworksBuildPhase;
			buildActionMask = 2147483647;
			files = (
				B4F4573459C01AFED7AB24F2 /* Pods_TrendyolInterviewProjectUITests.framework in Frameworks */,
			);
			runOnlyForDeploymentPostprocessing = 0;
		};
/* End PBXFrameworksBuildPhase section */

/* Begin PBXGroup section */
		0C4A1B41BD27DA5F97B8578D /* Pods */ = {
			isa = PBXGroup;
			children = (
				3A1799F6A3F4669A91E2DFFB /* Pods-TrendyolInterviewProject.debug.xcconfig */,
				02F324128FDFB51320C4348C /* Pods-TrendyolInterviewProject.release.xcconfig */,
				2BB4827DBAE948519EAD5314 /* Pods-TrendyolInterviewProjectTests.debug.xcconfig */,
				2B75F11944D5335CF8C50F29 /* Pods-TrendyolInterviewProjectTests.release.xcconfig */,
				5A15826858A29787AE423143 /* Pods-TrendyolInterviewProjectUITests.debug.xcconfig */,
				142A426FF24CA5825410CDD0 /* Pods-TrendyolInterviewProjectUITests.release.xcconfig */,
			);
			path = Pods;
			sourceTree = "<group>";
		};
		1785E99EC42714CF0D0ECE5B /* Frameworks */ = {
			isa = PBXGroup;
			children = (
				F55ABB676EE43576FFE15884 /* Pods_TrendyolInterviewProject.framework */,
				8278838823CEB96A9CDCAE1E /* Pods_TrendyolInterviewProjectTests.framework */,
				F30654A1B096AC26254F64BD /* Pods_TrendyolInterviewProjectUITests.framework */,
			);
			name = Frameworks;
			sourceTree = "<group>";
		};
		1E6CA19324B311FB00EFAE3C = {
			isa = PBXGroup;
			children = (
				1E6CA19E24B311FB00EFAE3C /* TrendyolInterviewProject */,
				1E6CA1B524B3120000EFAE3C /* TrendyolInterviewProjectTests */,
				1E6CA1C024B3120000EFAE3C /* TrendyolInterviewProjectUITests */,
				1E6CA19D24B311FB00EFAE3C /* Products */,
				0C4A1B41BD27DA5F97B8578D /* Pods */,
				1785E99EC42714CF0D0ECE5B /* Frameworks */,
			);
			sourceTree = "<group>";
		};
		1E6CA19D24B311FB00EFAE3C /* Products */ = {
			isa = PBXGroup;
			children = (
				1E6CA19C24B311FB00EFAE3C /* TrendyolInterviewProject.app */,
				1E6CA1B224B3120000EFAE3C /* TrendyolInterviewProjectTests.xctest */,
				1E6CA1BD24B3120000EFAE3C /* TrendyolInterviewProjectUITests.xctest */,
			);
			name = Products;
			sourceTree = "<group>";
		};
		1E6CA19E24B311FB00EFAE3C /* TrendyolInterviewProject */ = {
			isa = PBXGroup;
			children = (
				1E6CA1D024B312B600EFAE3C /* Module */,
				1E6CA1E324B3144800EFAE3C /* Api */,
				1E6CA1CF24B312A200EFAE3C /* Common */,
				1E6CA1A524B311FB00EFAE3C /* Main.storyboard */,
				1E6CA1AA24B3120000EFAE3C /* LaunchScreen.storyboard */,
				1E6CA1AD24B3120000EFAE3C /* Info.plist */,
			);
			path = TrendyolInterviewProject;
			sourceTree = "<group>";
		};
		1E6CA1B524B3120000EFAE3C /* TrendyolInterviewProjectTests */ = {
			isa = PBXGroup;
			children = (
				1E6CA1B624B3120000EFAE3C /* TrendyolInterviewProjectTests.swift */,
				1E6CA1B824B3120000EFAE3C /* Info.plist */,
			);
			path = TrendyolInterviewProjectTests;
			sourceTree = "<group>";
		};
		1E6CA1C024B3120000EFAE3C /* TrendyolInterviewProjectUITests */ = {
			isa = PBXGroup;
			children = (
				1E6CA1C124B3120000EFAE3C /* TrendyolInterviewProjectUITests.swift */,
				1E6CA1C324B3120000EFAE3C /* Info.plist */,
			);
			path = TrendyolInterviewProjectUITests;
			sourceTree = "<group>";
		};
		1E6CA1CF24B312A200EFAE3C /* Common */ = {
			isa = PBXGroup;
			children = (
				1E6CA1F824B3C54500EFAE3C /* Loading */,
				1E6CA1F624B3C3C300EFAE3C /* UIManager.swift */,
				1E72FE6724B4BED20002F852 /* Constants.swift */,
				1E6CA19F24B311FB00EFAE3C /* AppDelegate.swift */,
				1E6CA1A124B311FB00EFAE3C /* SceneDelegate.swift */,
				1E6CA1A824B3120000EFAE3C /* Assets.xcassets */,
			);
			path = Common;
			sourceTree = "<group>";
		};
		1E6CA1D024B312B600EFAE3C /* Module */ = {
			isa = PBXGroup;
			children = (
				1E6CA1D124B312C100EFAE3C /* List */,
				1E6CA1D224B312C600EFAE3C /* Detail */,
			);
			path = Module;
			sourceTree = "<group>";
		};
		1E6CA1D124B312C100EFAE3C /* List */ = {
			isa = PBXGroup;
			children = (
				1E6CA1EA24B3156200EFAE3C /* Protocols */,
				1E6CA1D324B312D300EFAE3C /* Cell */,
				1E6CA1DC24B3132B00EFAE3C /* Entity */,
				1E6CA1E124B3138B00EFAE3C /* Interactor */,
				1E6CA1D424B312F900EFAE3C /* ListViewController.swift */,
				1E6CA1D624B3130400EFAE3C /* ListPresenter.swift */,
				1E6CA1D824B3131300EFAE3C /* ListWireframe.swift */,
			);
			path = List;
			sourceTree = "<group>";
		};
		1E6CA1D224B312C600EFAE3C /* Detail */ = {
			isa = PBXGroup;
			children = (
			);
			path = Detail;
			sourceTree = "<group>";
		};
		1E6CA1D324B312D300EFAE3C /* Cell */ = {
			isa = PBXGroup;
			children = (
				1E6CA1F524B3AE9600EFAE3C /* ProductSlider */,
			);
			path = Cell;
			sourceTree = "<group>";
		};
		1E6CA1DC24B3132B00EFAE3C /* Entity */ = {
			isa = PBXGroup;
			children = (
				1E6CA1DD24B3133B00EFAE3C /* ListModel.swift */,
			);
			path = Entity;
			sourceTree = "<group>";
		};
		1E6CA1E124B3138B00EFAE3C /* Interactor */ = {
			isa = PBXGroup;
			children = (
				1E6CA1DF24B3138600EFAE3C /* Endpoints.swift */,
				1E6CA1DA24B3132800EFAE3C /* ListInteractor.swift */,
			);
			path = Interactor;
			sourceTree = "<group>";
		};
		1E6CA1E324B3144800EFAE3C /* Api */ = {
			isa = PBXGroup;
			children = (
				1E6CA1E424B3146E00EFAE3C /* Endpoint.swift */,
				1E6CA1E624B3148300EFAE3C /* Result.swift */,
				1E6CA1E824B3149500EFAE3C /* ApiClient.swift */,
			);
			path = Api;
			sourceTree = "<group>";
		};
		1E6CA1EA24B3156200EFAE3C /* Protocols */ = {
			isa = PBXGroup;
			children = (
				1E6CA1EB24B3157300EFAE3C /* Protocols.swift */,
			);
			path = Protocols;
			sourceTree = "<group>";
		};
		1E6CA1F524B3AE9600EFAE3C /* ProductSlider */ = {
			isa = PBXGroup;
			children = (
				1E6CA1F124B3161900EFAE3C /* ProductSliderInternalCell.swift */,
				1E6CA1F224B3161900EFAE3C /* ProductSliderInternalCell.xib */,
				1E6CA1ED24B315E900EFAE3C /* ProductSliderCell.swift */,
				1E6CA1EE24B315E900EFAE3C /* ProductSliderCell.xib */,
			);
			path = ProductSlider;
			sourceTree = "<group>";
		};
		1E6CA1F824B3C54500EFAE3C /* Loading */ = {
			isa = PBXGroup;
			children = (
				1E6CA1F924B3C55800EFAE3C /* LoadingView.swift */,
				1E6CA1FB24B3C56100EFAE3C /* LoadingView.xib */,
			);
			path = Loading;
			sourceTree = "<group>";
		};
/* End PBXGroup section */

/* Begin PBXNativeTarget section */
		1E6CA19B24B311FB00EFAE3C /* TrendyolInterviewProject */ = {
			isa = PBXNativeTarget;
			buildConfigurationList = 1E6CA1C624B3120000EFAE3C /* Build configuration list for PBXNativeTarget "TrendyolInterviewProject" */;
			buildPhases = (
				462CE999AD28561B3EA07777 /* [CP] Check Pods Manifest.lock */,
				1E6CA19824B311FB00EFAE3C /* Sources */,
				1E6CA19924B311FB00EFAE3C /* Frameworks */,
				1E6CA19A24B311FB00EFAE3C /* Resources */,
				D20CD4A01CEDB48A0B58E3BD /* [CP] Embed Pods Frameworks */,
			);
			buildRules = (
			);
			dependencies = (
			);
			name = TrendyolInterviewProject;
			productName = TrendyolInterviewProject;
			productReference = 1E6CA19C24B311FB00EFAE3C /* TrendyolInterviewProject.app */;
			productType = "com.apple.product-type.application";
		};
		1E6CA1B124B3120000EFAE3C /* TrendyolInterviewProjectTests */ = {
			isa = PBXNativeTarget;
			buildConfigurationList = 1E6CA1C924B3120000EFAE3C /* Build configuration list for PBXNativeTarget "TrendyolInterviewProjectTests" */;
			buildPhases = (
				C25D4301BB3C3ABA46AA4894 /* [CP] Check Pods Manifest.lock */,
				1E6CA1AE24B3120000EFAE3C /* Sources */,
				1E6CA1AF24B3120000EFAE3C /* Frameworks */,
				1E6CA1B024B3120000EFAE3C /* Resources */,
			);
			buildRules = (
			);
			dependencies = (
				1E6CA1B424B3120000EFAE3C /* PBXTargetDependency */,
			);
			name = TrendyolInterviewProjectTests;
			productName = TrendyolInterviewProjectTests;
			productReference = 1E6CA1B224B3120000EFAE3C /* TrendyolInterviewProjectTests.xctest */;
			productType = "com.apple.product-type.bundle.unit-test";
		};
		1E6CA1BC24B3120000EFAE3C /* TrendyolInterviewProjectUITests */ = {
			isa = PBXNativeTarget;
			buildConfigurationList = 1E6CA1CC24B3120000EFAE3C /* Build configuration list for PBXNativeTarget "TrendyolInterviewProjectUITests" */;
			buildPhases = (
				B364F3337B9910BDC7B7C7BF /* [CP] Check Pods Manifest.lock */,
				1E6CA1B924B3120000EFAE3C /* Sources */,
				1E6CA1BA24B3120000EFAE3C /* Frameworks */,
				1E6CA1BB24B3120000EFAE3C /* Resources */,
			);
			buildRules = (
			);
			dependencies = (
				1E6CA1BF24B3120000EFAE3C /* PBXTargetDependency */,
			);
			name = TrendyolInterviewProjectUITests;
			productName = TrendyolInterviewProjectUITests;
			productReference = 1E6CA1BD24B3120000EFAE3C /* TrendyolInterviewProjectUITests.xctest */;
			productType = "com.apple.product-type.bundle.ui-testing";
		};
/* End PBXNativeTarget section */

/* Begin PBXProject section */
		1E6CA19424B311FB00EFAE3C /* Project object */ = {
			isa = PBXProject;
			attributes = {
				LastSwiftUpdateCheck = 1150;
				LastUpgradeCheck = 1150;
				ORGANIZATIONNAME = "melisa öztürk";
				TargetAttributes = {
					1E6CA19B24B311FB00EFAE3C = {
						CreatedOnToolsVersion = 11.5;
					};
					1E6CA1B124B3120000EFAE3C = {
						CreatedOnToolsVersion = 11.5;
						TestTargetID = 1E6CA19B24B311FB00EFAE3C;
					};
					1E6CA1BC24B3120000EFAE3C = {
						CreatedOnToolsVersion = 11.5;
						TestTargetID = 1E6CA19B24B311FB00EFAE3C;
					};
				};
			};
			buildConfigurationList = 1E6CA19724B311FB00EFAE3C /* Build configuration list for PBXProject "TrendyolInterviewProject" */;
			compatibilityVersion = "Xcode 9.3";
			developmentRegion = en;
			hasScannedForEncodings = 0;
			knownRegions = (
				en,
				Base,
			);
			mainGroup = 1E6CA19324B311FB00EFAE3C;
			productRefGroup = 1E6CA19D24B311FB00EFAE3C /* Products */;
			projectDirPath = "";
			projectRoot = "";
			targets = (
				1E6CA19B24B311FB00EFAE3C /* TrendyolInterviewProject */,
				1E6CA1B124B3120000EFAE3C /* TrendyolInterviewProjectTests */,
				1E6CA1BC24B3120000EFAE3C /* TrendyolInterviewProjectUITests */,
			);
		};
/* End PBXProject section */

/* Begin PBXResourcesBuildPhase section */
		1E6CA19A24B311FB00EFAE3C /* Resources */ = {
			isa = PBXResourcesBuildPhase;
			buildActionMask = 2147483647;
			files = (
				1E6CA1AC24B3120000EFAE3C /* LaunchScreen.storyboard in Resources */,
				1E6CA1F024B315E900EFAE3C /* ProductSliderCell.xib in Resources */,
				1E6CA1F424B3161900EFAE3C /* ProductSliderInternalCell.xib in Resources */,
				1E6CA1FC24B3C56100EFAE3C /* LoadingView.xib in Resources */,
				1E6CA1A924B3120000EFAE3C /* Assets.xcassets in Resources */,
				1E6CA1A724B311FB00EFAE3C /* Main.storyboard in Resources */,
			);
			runOnlyForDeploymentPostprocessing = 0;
		};
		1E6CA1B024B3120000EFAE3C /* Resources */ = {
			isa = PBXResourcesBuildPhase;
			buildActionMask = 2147483647;
			files = (
			);
			runOnlyForDeploymentPostprocessing = 0;
		};
		1E6CA1BB24B3120000EFAE3C /* Resources */ = {
			isa = PBXResourcesBuildPhase;
			buildActionMask = 2147483647;
			files = (
			);
			runOnlyForDeploymentPostprocessing = 0;
		};
/* End PBXResourcesBuildPhase section */

/* Begin PBXShellScriptBuildPhase section */
		462CE999AD28561B3EA07777 /* [CP] Check Pods Manifest.lock */ = {
			isa = PBXShellScriptBuildPhase;
			buildActionMask = 2147483647;
			files = (
			);
			inputFileListPaths = (
			);
			inputPaths = (
				"${PODS_PODFILE_DIR_PATH}/Podfile.lock",
				"${PODS_ROOT}/Manifest.lock",
			);
			name = "[CP] Check Pods Manifest.lock";
			outputFileListPaths = (
			);
			outputPaths = (
				"$(DERIVED_FILE_DIR)/Pods-TrendyolInterviewProject-checkManifestLockResult.txt",
			);
			runOnlyForDeploymentPostprocessing = 0;
			shellPath = /bin/sh;
			shellScript = "diff \"${PODS_PODFILE_DIR_PATH}/Podfile.lock\" \"${PODS_ROOT}/Manifest.lock\" > /dev/null\nif [ $? != 0 ] ; then\n    # print error to STDERR\n    echo \"error: The sandbox is not in sync with the Podfile.lock. Run 'pod install' or update your CocoaPods installation.\" >&2\n    exit 1\nfi\n# This output is used by Xcode 'outputs' to avoid re-running this script phase.\necho \"SUCCESS\" > \"${SCRIPT_OUTPUT_FILE_0}\"\n";
			showEnvVarsInLog = 0;
		};
		B364F3337B9910BDC7B7C7BF /* [CP] Check Pods Manifest.lock */ = {
			isa = PBXShellScriptBuildPhase;
			buildActionMask = 2147483647;
			files = (
			);
			inputFileListPaths = (
			);
			inputPaths = (
				"${PODS_PODFILE_DIR_PATH}/Podfile.lock",
				"${PODS_ROOT}/Manifest.lock",
			);
			name = "[CP] Check Pods Manifest.lock";
			outputFileListPaths = (
			);
			outputPaths = (
				"$(DERIVED_FILE_DIR)/Pods-TrendyolInterviewProjectUITests-checkManifestLockResult.txt",
			);
			runOnlyForDeploymentPostprocessing = 0;
			shellPath = /bin/sh;
			shellScript = "diff \"${PODS_PODFILE_DIR_PATH}/Podfile.lock\" \"${PODS_ROOT}/Manifest.lock\" > /dev/null\nif [ $? != 0 ] ; then\n    # print error to STDERR\n    echo \"error: The sandbox is not in sync with the Podfile.lock. Run 'pod install' or update your CocoaPods installation.\" >&2\n    exit 1\nfi\n# This output is used by Xcode 'outputs' to avoid re-running this script phase.\necho \"SUCCESS\" > \"${SCRIPT_OUTPUT_FILE_0}\"\n";
			showEnvVarsInLog = 0;
		};
		C25D4301BB3C3ABA46AA4894 /* [CP] Check Pods Manifest.lock */ = {
			isa = PBXShellScriptBuildPhase;
			buildActionMask = 2147483647;
			files = (
			);
			inputFileListPaths = (
			);
			inputPaths = (
				"${PODS_PODFILE_DIR_PATH}/Podfile.lock",
				"${PODS_ROOT}/Manifest.lock",
			);
			name = "[CP] Check Pods Manifest.lock";
			outputFileListPaths = (
			);
			outputPaths = (
				"$(DERIVED_FILE_DIR)/Pods-TrendyolInterviewProjectTests-checkManifestLockResult.txt",
			);
			runOnlyForDeploymentPostprocessing = 0;
			shellPath = /bin/sh;
			shellScript = "diff \"${PODS_PODFILE_DIR_PATH}/Podfile.lock\" \"${PODS_ROOT}/Manifest.lock\" > /dev/null\nif [ $? != 0 ] ; then\n    # print error to STDERR\n    echo \"error: The sandbox is not in sync with the Podfile.lock. Run 'pod install' or update your CocoaPods installation.\" >&2\n    exit 1\nfi\n# This output is used by Xcode 'outputs' to avoid re-running this script phase.\necho \"SUCCESS\" > \"${SCRIPT_OUTPUT_FILE_0}\"\n";
			showEnvVarsInLog = 0;
		};
		D20CD4A01CEDB48A0B58E3BD /* [CP] Embed Pods Frameworks */ = {
			isa = PBXShellScriptBuildPhase;
			buildActionMask = 2147483647;
			files = (
			);
			inputFileListPaths = (
				"${PODS_ROOT}/Target Support Files/Pods-TrendyolInterviewProject/Pods-TrendyolInterviewProject-frameworks-${CONFIGURATION}-input-files.xcfilelist",
			);
			name = "[CP] Embed Pods Frameworks";
			outputFileListPaths = (
				"${PODS_ROOT}/Target Support Files/Pods-TrendyolInterviewProject/Pods-TrendyolInterviewProject-frameworks-${CONFIGURATION}-output-files.xcfilelist",
			);
			runOnlyForDeploymentPostprocessing = 0;
			shellPath = /bin/sh;
			shellScript = "\"${PODS_ROOT}/Target Support Files/Pods-TrendyolInterviewProject/Pods-TrendyolInterviewProject-frameworks.sh\"\n";
			showEnvVarsInLog = 0;
		};
/* End PBXShellScriptBuildPhase section */

/* Begin PBXSourcesBuildPhase section */
		1E6CA19824B311FB00EFAE3C /* Sources */ = {
			isa = PBXSourcesBuildPhase;
			buildActionMask = 2147483647;
			files = (
				1E6CA1F324B3161900EFAE3C /* ProductSliderInternalCell.swift in Sources */,
				1E6CA1E924B3149500EFAE3C /* ApiClient.swift in Sources */,
				1E6CA1DB24B3132800EFAE3C /* ListInteractor.swift in Sources */,
				1E6CA1E524B3146E00EFAE3C /* Endpoint.swift in Sources */,
				1E6CA1EC24B3157300EFAE3C /* Protocols.swift in Sources */,
				1E6CA1FA24B3C55800EFAE3C /* LoadingView.swift in Sources */,
				1E6CA1F724B3C3C400EFAE3C /* UIManager.swift in Sources */,
				1E6CA1D924B3131300EFAE3C /* ListWireframe.swift in Sources */,
				1E72FE6824B4BED20002F852 /* Constants.swift in Sources */,
				1E6CA1A024B311FB00EFAE3C /* AppDelegate.swift in Sources */,
				1E6CA1A224B311FB00EFAE3C /* SceneDelegate.swift in Sources */,
				1E6CA1DE24B3133B00EFAE3C /* ListModel.swift in Sources */,
				1E6CA1E724B3148300EFAE3C /* Result.swift in Sources */,
				1E6CA1D724B3130400EFAE3C /* ListPresenter.swift in Sources */,
				1E6CA1E024B3138600EFAE3C /* Endpoints.swift in Sources */,
				1E6CA1D524B312F900EFAE3C /* ListViewController.swift in Sources */,
				1E6CA1EF24B315E900EFAE3C /* ProductSliderCell.swift in Sources */,
			);
			runOnlyForDeploymentPostprocessing = 0;
		};
		1E6CA1AE24B3120000EFAE3C /* Sources */ = {
			isa = PBXSourcesBuildPhase;
			buildActionMask = 2147483647;
			files = (
				1E6CA1B724B3120000EFAE3C /* TrendyolInterviewProjectTests.swift in Sources */,
			);
			runOnlyForDeploymentPostprocessing = 0;
		};
		1E6CA1B924B3120000EFAE3C /* Sources */ = {
			isa = PBXSourcesBuildPhase;
			buildActionMask = 2147483647;
			files = (
				1E6CA1C224B3120000EFAE3C /* TrendyolInterviewProjectUITests.swift in Sources */,
			);
			runOnlyForDeploymentPostprocessing = 0;
		};
/* End PBXSourcesBuildPhase section */

/* Begin PBXTargetDependency section */
		1E6CA1B424B3120000EFAE3C /* PBXTargetDependency */ = {
			isa = PBXTargetDependency;
			target = 1E6CA19B24B311FB00EFAE3C /* TrendyolInterviewProject */;
			targetProxy = 1E6CA1B324B3120000EFAE3C /* PBXContainerItemProxy */;
		};
		1E6CA1BF24B3120000EFAE3C /* PBXTargetDependency */ = {
			isa = PBXTargetDependency;
			target = 1E6CA19B24B311FB00EFAE3C /* TrendyolInterviewProject */;
			targetProxy = 1E6CA1BE24B3120000EFAE3C /* PBXContainerItemProxy */;
		};
/* End PBXTargetDependency section */

/* Begin PBXVariantGroup section */
		1E6CA1A524B311FB00EFAE3C /* Main.storyboard */ = {
			isa = PBXVariantGroup;
			children = (
				1E6CA1A624B311FB00EFAE3C /* Base */,
			);
			name = Main.storyboard;
			sourceTree = "<group>";
		};
		1E6CA1AA24B3120000EFAE3C /* LaunchScreen.storyboard */ = {
			isa = PBXVariantGroup;
			children = (
				1E6CA1AB24B3120000EFAE3C /* Base */,
			);
			name = LaunchScreen.storyboard;
			sourceTree = "<group>";
		};
/* End PBXVariantGroup section */

/* Begin XCBuildConfiguration section */
		1E6CA1C424B3120000EFAE3C /* Debug */ = {
			isa = XCBuildConfiguration;
			buildSettings = {
				ALWAYS_SEARCH_USER_PATHS = NO;
				CLANG_ANALYZER_NONNULL = YES;
				CLANG_ANALYZER_NUMBER_OBJECT_CONVERSION = YES_AGGRESSIVE;
				CLANG_CXX_LANGUAGE_STANDARD = "gnu++14";
				CLANG_CXX_LIBRARY = "libc++";
				CLANG_ENABLE_MODULES = YES;
				CLANG_ENABLE_OBJC_ARC = YES;
				CLANG_ENABLE_OBJC_WEAK = YES;
				CLANG_WARN_BLOCK_CAPTURE_AUTORELEASING = YES;
				CLANG_WARN_BOOL_CONVERSION = YES;
				CLANG_WARN_COMMA = YES;
				CLANG_WARN_CONSTANT_CONVERSION = YES;
				CLANG_WARN_DEPRECATED_OBJC_IMPLEMENTATIONS = YES;
				CLANG_WARN_DIRECT_OBJC_ISA_USAGE = YES_ERROR;
				CLANG_WARN_DOCUMENTATION_COMMENTS = YES;
				CLANG_WARN_EMPTY_BODY = YES;
				CLANG_WARN_ENUM_CONVERSION = YES;
				CLANG_WARN_INFINITE_RECURSION = YES;
				CLANG_WARN_INT_CONVERSION = YES;
				CLANG_WARN_NON_LITERAL_NULL_CONVERSION = YES;
				CLANG_WARN_OBJC_IMPLICIT_RETAIN_SELF = YES;
				CLANG_WARN_OBJC_LITERAL_CONVERSION = YES;
				CLANG_WARN_OBJC_ROOT_CLASS = YES_ERROR;
				CLANG_WARN_RANGE_LOOP_ANALYSIS = YES;
				CLANG_WARN_STRICT_PROTOTYPES = YES;
				CLANG_WARN_SUSPICIOUS_MOVE = YES;
				CLANG_WARN_UNGUARDED_AVAILABILITY = YES_AGGRESSIVE;
				CLANG_WARN_UNREACHABLE_CODE = YES;
				CLANG_WARN__DUPLICATE_METHOD_MATCH = YES;
				COPY_PHASE_STRIP = NO;
				DEBUG_INFORMATION_FORMAT = dwarf;
				ENABLE_STRICT_OBJC_MSGSEND = YES;
				ENABLE_TESTABILITY = YES;
				GCC_C_LANGUAGE_STANDARD = gnu11;
				GCC_DYNAMIC_NO_PIC = NO;
				GCC_NO_COMMON_BLOCKS = YES;
				GCC_OPTIMIZATION_LEVEL = 0;
				GCC_PREPROCESSOR_DEFINITIONS = (
					"DEBUG=1",
					"$(inherited)",
				);
				GCC_WARN_64_TO_32_BIT_CONVERSION = YES;
				GCC_WARN_ABOUT_RETURN_TYPE = YES_ERROR;
				GCC_WARN_UNDECLARED_SELECTOR = YES;
				GCC_WARN_UNINITIALIZED_AUTOS = YES_AGGRESSIVE;
				GCC_WARN_UNUSED_FUNCTION = YES;
				GCC_WARN_UNUSED_VARIABLE = YES;
				IPHONEOS_DEPLOYMENT_TARGET = 13.5;
				MTL_ENABLE_DEBUG_INFO = INCLUDE_SOURCE;
				MTL_FAST_MATH = YES;
				ONLY_ACTIVE_ARCH = YES;
				SDKROOT = iphoneos;
				SWIFT_ACTIVE_COMPILATION_CONDITIONS = DEBUG;
				SWIFT_OPTIMIZATION_LEVEL = "-Onone";
			};
			name = Debug;
		};
		1E6CA1C524B3120000EFAE3C /* Release */ = {
			isa = XCBuildConfiguration;
			buildSettings = {
				ALWAYS_SEARCH_USER_PATHS = NO;
				CLANG_ANALYZER_NONNULL = YES;
				CLANG_ANALYZER_NUMBER_OBJECT_CONVERSION = YES_AGGRESSIVE;
				CLANG_CXX_LANGUAGE_STANDARD = "gnu++14";
				CLANG_CXX_LIBRARY = "libc++";
				CLANG_ENABLE_MODULES = YES;
				CLANG_ENABLE_OBJC_ARC = YES;
				CLANG_ENABLE_OBJC_WEAK = YES;
				CLANG_WARN_BLOCK_CAPTURE_AUTORELEASING = YES;
				CLANG_WARN_BOOL_CONVERSION = YES;
				CLANG_WARN_COMMA = YES;
				CLANG_WARN_CONSTANT_CONVERSION = YES;
				CLANG_WARN_DEPRECATED_OBJC_IMPLEMENTATIONS = YES;
				CLANG_WARN_DIRECT_OBJC_ISA_USAGE = YES_ERROR;
				CLANG_WARN_DOCUMENTATION_COMMENTS = YES;
				CLANG_WARN_EMPTY_BODY = YES;
				CLANG_WARN_ENUM_CONVERSION = YES;
				CLANG_WARN_INFINITE_RECURSION = YES;
				CLANG_WARN_INT_CONVERSION = YES;
				CLANG_WARN_NON_LITERAL_NULL_CONVERSION = YES;
				CLANG_WARN_OBJC_IMPLICIT_RETAIN_SELF = YES;
				CLANG_WARN_OBJC_LITERAL_CONVERSION = YES;
				CLANG_WARN_OBJC_ROOT_CLASS = YES_ERROR;
				CLANG_WARN_RANGE_LOOP_ANALYSIS = YES;
				CLANG_WARN_STRICT_PROTOTYPES = YES;
				CLANG_WARN_SUSPICIOUS_MOVE = YES;
				CLANG_WARN_UNGUARDED_AVAILABILITY = YES_AGGRESSIVE;
				CLANG_WARN_UNREACHABLE_CODE = YES;
				CLANG_WARN__DUPLICATE_METHOD_MATCH = YES;
				COPY_PHASE_STRIP = NO;
				DEBUG_INFORMATION_FORMAT = "dwarf-with-dsym";
				ENABLE_NS_ASSERTIONS = NO;
				ENABLE_STRICT_OBJC_MSGSEND = YES;
				GCC_C_LANGUAGE_STANDARD = gnu11;
				GCC_NO_COMMON_BLOCKS = YES;
				GCC_WARN_64_TO_32_BIT_CONVERSION = YES;
				GCC_WARN_ABOUT_RETURN_TYPE = YES_ERROR;
				GCC_WARN_UNDECLARED_SELECTOR = YES;
				GCC_WARN_UNINITIALIZED_AUTOS = YES_AGGRESSIVE;
				GCC_WARN_UNUSED_FUNCTION = YES;
				GCC_WARN_UNUSED_VARIABLE = YES;
				IPHONEOS_DEPLOYMENT_TARGET = 13.5;
				MTL_ENABLE_DEBUG_INFO = NO;
				MTL_FAST_MATH = YES;
				SDKROOT = iphoneos;
				SWIFT_COMPILATION_MODE = wholemodule;
				SWIFT_OPTIMIZATION_LEVEL = "-O";
				VALIDATE_PRODUCT = YES;
			};
			name = Release;
		};
		1E6CA1C724B3120000EFAE3C /* Debug */ = {
			isa = XCBuildConfiguration;
			baseConfigurationReference = 3A1799F6A3F4669A91E2DFFB /* Pods-TrendyolInterviewProject.debug.xcconfig */;
			buildSettings = {
				ASSETCATALOG_COMPILER_APPICON_NAME = AppIcon;
				CODE_SIGN_STYLE = Automatic;
				DEVELOPMENT_TEAM = R85RBRZ4TB;
				INFOPLIST_FILE = TrendyolInterviewProject/Info.plist;
				LD_RUNPATH_SEARCH_PATHS = (
					"$(inherited)",
					"@executable_path/Frameworks",
				);
				PRODUCT_BUNDLE_IDENTIFIER = com.melisaozturk.TrendyolInterviewProject;
				PRODUCT_NAME = "$(TARGET_NAME)";
				SWIFT_VERSION = 5.0;
				TARGETED_DEVICE_FAMILY = 1;
			};
			name = Debug;
		};
		1E6CA1C824B3120000EFAE3C /* Release */ = {
			isa = XCBuildConfiguration;
			baseConfigurationReference = 02F324128FDFB51320C4348C /* Pods-TrendyolInterviewProject.release.xcconfig */;
			buildSettings = {
				ASSETCATALOG_COMPILER_APPICON_NAME = AppIcon;
				CODE_SIGN_STYLE = Automatic;
				DEVELOPMENT_TEAM = R85RBRZ4TB;
				INFOPLIST_FILE = TrendyolInterviewProject/Info.plist;
				LD_RUNPATH_SEARCH_PATHS = (
					"$(inherited)",
					"@executable_path/Frameworks",
				);
				PRODUCT_BUNDLE_IDENTIFIER = com.melisaozturk.TrendyolInterviewProject;
				PRODUCT_NAME = "$(TARGET_NAME)";
				SWIFT_VERSION = 5.0;
				TARGETED_DEVICE_FAMILY = 1;
			};
			name = Release;
		};
		1E6CA1CA24B3120000EFAE3C /* Debug */ = {
			isa = XCBuildConfiguration;
			baseConfigurationReference = 2BB4827DBAE948519EAD5314 /* Pods-TrendyolInterviewProjectTests.debug.xcconfig */;
			buildSettings = {
				ALWAYS_EMBED_SWIFT_STANDARD_LIBRARIES = YES;
				BUNDLE_LOADER = "$(TEST_HOST)";
				CODE_SIGN_STYLE = Automatic;
				DEVELOPMENT_TEAM = R85RBRZ4TB;
				INFOPLIST_FILE = TrendyolInterviewProjectTests/Info.plist;
				IPHONEOS_DEPLOYMENT_TARGET = 13.5;
				LD_RUNPATH_SEARCH_PATHS = (
					"$(inherited)",
					"@executable_path/Frameworks",
					"@loader_path/Frameworks",
				);
				PRODUCT_BUNDLE_IDENTIFIER = com.melisaozturk.TrendyolInterviewProjectTests;
				PRODUCT_NAME = "$(TARGET_NAME)";
				SWIFT_VERSION = 5.0;
				TARGETED_DEVICE_FAMILY = "1,2";
				TEST_HOST = "$(BUILT_PRODUCTS_DIR)/TrendyolInterviewProject.app/TrendyolInterviewProject";
			};
			name = Debug;
		};
		1E6CA1CB24B3120000EFAE3C /* Release */ = {
			isa = XCBuildConfiguration;
			baseConfigurationReference = 2B75F11944D5335CF8C50F29 /* Pods-TrendyolInterviewProjectTests.release.xcconfig */;
			buildSettings = {
				ALWAYS_EMBED_SWIFT_STANDARD_LIBRARIES = YES;
				BUNDLE_LOADER = "$(TEST_HOST)";
				CODE_SIGN_STYLE = Automatic;
				DEVELOPMENT_TEAM = R85RBRZ4TB;
				INFOPLIST_FILE = TrendyolInterviewProjectTests/Info.plist;
				IPHONEOS_DEPLOYMENT_TARGET = 13.5;
				LD_RUNPATH_SEARCH_PATHS = (
					"$(inherited)",
					"@executable_path/Frameworks",
					"@loader_path/Frameworks",
				);
				PRODUCT_BUNDLE_IDENTIFIER = com.melisaozturk.TrendyolInterviewProjectTests;
				PRODUCT_NAME = "$(TARGET_NAME)";
				SWIFT_VERSION = 5.0;
				TARGETED_DEVICE_FAMILY = "1,2";
				TEST_HOST = "$(BUILT_PRODUCTS_DIR)/TrendyolInterviewProject.app/TrendyolInterviewProject";
			};
			name = Release;
		};
		1E6CA1CD24B3120000EFAE3C /* Debug */ = {
			isa = XCBuildConfiguration;
			baseConfigurationReference = 5A15826858A29787AE423143 /* Pods-TrendyolInterviewProjectUITests.debug.xcconfig */;
			buildSettings = {
				ALWAYS_EMBED_SWIFT_STANDARD_LIBRARIES = YES;
				CODE_SIGN_STYLE = Automatic;
				DEVELOPMENT_TEAM = R85RBRZ4TB;
				INFOPLIST_FILE = TrendyolInterviewProjectUITests/Info.plist;
				LD_RUNPATH_SEARCH_PATHS = (
					"$(inherited)",
					"@executable_path/Frameworks",
					"@loader_path/Frameworks",
				);
				PRODUCT_BUNDLE_IDENTIFIER = com.melisaozturk.TrendyolInterviewProjectUITests;
				PRODUCT_NAME = "$(TARGET_NAME)";
				SWIFT_VERSION = 5.0;
				TARGETED_DEVICE_FAMILY = "1,2";
				TEST_TARGET_NAME = TrendyolInterviewProject;
			};
			name = Debug;
		};
		1E6CA1CE24B3120000EFAE3C /* Release */ = {
			isa = XCBuildConfiguration;
			baseConfigurationReference = 142A426FF24CA5825410CDD0 /* Pods-TrendyolInterviewProjectUITests.release.xcconfig */;
			buildSettings = {
				ALWAYS_EMBED_SWIFT_STANDARD_LIBRARIES = YES;
				CODE_SIGN_STYLE = Automatic;
				DEVELOPMENT_TEAM = R85RBRZ4TB;
				INFOPLIST_FILE = TrendyolInterviewProjectUITests/Info.plist;
				LD_RUNPATH_SEARCH_PATHS = (
					"$(inherited)",
					"@executable_path/Frameworks",
					"@loader_path/Frameworks",
				);
				PRODUCT_BUNDLE_IDENTIFIER = com.melisaozturk.TrendyolInterviewProjectUITests;
				PRODUCT_NAME = "$(TARGET_NAME)";
				SWIFT_VERSION = 5.0;
				TARGETED_DEVICE_FAMILY = "1,2";
				TEST_TARGET_NAME = TrendyolInterviewProject;
			};
			name = Release;
		};
/* End XCBuildConfiguration section */

/* Begin XCConfigurationList section */
		1E6CA19724B311FB00EFAE3C /* Build configuration list for PBXProject "TrendyolInterviewProject" */ = {
			isa = XCConfigurationList;
			buildConfigurations = (
				1E6CA1C424B3120000EFAE3C /* Debug */,
				1E6CA1C524B3120000EFAE3C /* Release */,
			);
			defaultConfigurationIsVisible = 0;
			defaultConfigurationName = Release;
		};
		1E6CA1C624B3120000EFAE3C /* Build configuration list for PBXNativeTarget "TrendyolInterviewProject" */ = {
			isa = XCConfigurationList;
			buildConfigurations = (
				1E6CA1C724B3120000EFAE3C /* Debug */,
				1E6CA1C824B3120000EFAE3C /* Release */,
			);
			defaultConfigurationIsVisible = 0;
			defaultConfigurationName = Release;
		};
		1E6CA1C924B3120000EFAE3C /* Build configuration list for PBXNativeTarget "TrendyolInterviewProjectTests" */ = {
			isa = XCConfigurationList;
			buildConfigurations = (
				1E6CA1CA24B3120000EFAE3C /* Debug */,
				1E6CA1CB24B3120000EFAE3C /* Release */,
			);
			defaultConfigurationIsVisible = 0;
			defaultConfigurationName = Release;
		};
		1E6CA1CC24B3120000EFAE3C /* Build configuration list for PBXNativeTarget "TrendyolInterviewProjectUITests" */ = {
			isa = XCConfigurationList;
			buildConfigurations = (
				1E6CA1CD24B3120000EFAE3C /* Debug */,
				1E6CA1CE24B3120000EFAE3C /* Release */,
			);
			defaultConfigurationIsVisible = 0;
			defaultConfigurationName = Release;
		};
/* End XCConfigurationList section */
	};
	rootObject = 1E6CA19424B311FB00EFAE3C /* Project object */;
}
